
Microsoft Visual Studio Solution File, Format Version 12.00
# Visual Studio 14
VisualStudioVersion = 14.0.23107.0
MinimumVisualStudioVersion = 10.0.40219.1
Project("{FAE04EC0-301F-11D3-BF4B-00C04F79EFBC}") = "SornetteBridge", "SornetteBridge\SornetteBridge.csproj", "{09C94246-DCB6-42E9-A2FC-392707D9E5F1}"
EndProject
Project("{FAE04EC0-301F-11D3-BF4B-00C04F79EFBC}") = "SornetteBridgeTest", "SornetteBridgeTest\SornetteBridgeTest.csproj", "{86B32852-D2B3-439F-96A0-A6F1BB4EC081}"
EndProject
Global
	GlobalSection(SolutionConfigurationPlatforms) = preSolution
		Debug|Any CPU = Debug|Any CPU
		Release|Any CPU = Release|Any CPU
	EndGlobalSection
	GlobalSection(ProjectConfigurationPlatforms) = postSolution
		{09C94246-DCB6-42E9-A2FC-392707D9E5F1}.Debug|Any CPU.ActiveCfg = Debug|Any CPU
		{09C94246-DCB6-42E9-A2FC-392707D9E5F1}.Debug|Any CPU.Build.0 = Debug|Any CPU
		{09C94246-DCB6-42E9-A2FC-392707D9E5F1}.Release|Any CPU.ActiveCfg = Release|Any CPU
		{09C94246-DCB6-42E9-A2FC-392707D9E5F1}.Release|Any CPU.Build.0 = Release|Any CPU
		{86B32852-D2B3-439F-96A0-A6F1BB4EC081}.Debug|Any CPU.ActiveCfg = Debug|Any CPU
		{86B32852-D2B3-439F-96A0-A6F1BB4EC081}.Debug|Any CPU.Build.0 = Debug|Any CPU
		{86B32852-D2B3-439F-96A0-A6F1BB4EC081}.Release|Any CPU.ActiveCfg = Release|Any CPU
		{86B32852-D2B3-439F-96A0-A6F1BB4EC081}.Release|Any CPU.Build.0 = Release|Any CPU
	EndGlobalSection
	GlobalSection(SolutionProperties) = preSolution
		HideSolutionNode = FALSE
	EndGlobalSection
EndGlobal
